Microsoft Visual Studio Solution File, Format Version 12.00
# Visual Studio 15
VisualStudioVersion = 15.0.27130.2020
MinimumVisualStudioVersion = 10.0.40219.1
Project("{FAE04EC0-301F-11D3-BF4B-00C04F79EFBC}") = "LottieSample", "LottieSample\LottieSample.csproj", "{303B4EF0-9882-49B1-A6FD-3DEF5B909248}"
EndProject
Project("{FAE04EC0-301F-11D3-BF4B-00C04F79EFBC}") = "LottieSample.iOS", "iOS\LottieSample.iOS.csproj", "{E1C0F3FA-340D-4E06-A683-BD3B94B6980A}"
EndProject
Project("{FAE04EC0-301F-11D3-BF4B-00C04F79EFBC}") = "LottieSample.Droid", "Droid\LottieSample.Droid.csproj", "{69C12B1D-0DBF-4FAC-B143-6CB69A6D3C81}"
EndProject
Project("{FAE04EC0-301F-11D3-BF4B-00C04F79EFBC}") = "LottieSample.UWP", "UWP\LottieSample.UWP.csproj", "{985A3151-6742-44B6-A6B3-FAF4F074A6AC}"
EndProject
Global
	GlobalSection(SolutionConfigurationPlatforms) = preSolution
		Debug|Any CPU = Debug|Any CPU
		Debug|ARM = Debug|ARM
		Debug|iPhone = Debug|iPhone
		Debug|iPhoneSimulator = Debug|iPhoneSimulator
		Debug|x64 = Debug|x64
		Debug|x86 = Debug|x86
		Release|Any CPU = Release|Any CPU
		Release|ARM = Release|ARM
		Release|iPhone = Release|iPhone
		Release|iPhoneSimulator = Release|iPhoneSimulator
		Release|x64 = Release|x64
		Release|x86 = Release|x86
	EndGlobalSection
	GlobalSection(ProjectConfigurationPlatforms) = postSolution
		{303B4EF0-9882-49B1-A6FD-3DEF5B909248}.Debug|Any CPU.ActiveCfg = Debug|Any CPU
		{303B4EF0-9882-49B1-A6FD-3DEF5B909248}.Debug|Any CPU.Build.0 = Debug|Any CPU
		{303B4EF0-9882-49B1-A6FD-3DEF5B909248}.Debug|ARM.ActiveCfg = Debug|Any CPU
		{303B4EF0-9882-49B1-A6FD-3DEF5B909248}.Debug|ARM.Build.0 = Debug|Any CPU
		{303B4EF0-9882-49B1-A6FD-3DEF5B909248}.Debug|iPhone.ActiveCfg = Debug|Any CPU
		{303B4EF0-9882-49B1-A6FD-3DEF5B909248}.Debug|iPhone.Build.0 = Debug|Any CPU
		{303B4EF0-9882-49B1-A6FD-3DEF5B909248}.Debug|iPhoneSimulator.ActiveCfg = Debug|Any CPU
		{303B4EF0-9882-49B1-A6FD-3DEF5B909248}.Debug|iPhoneSimulator.Build.0 = Debug|Any CPU
		{303B4EF0-9882-49B1-A6FD-3DEF5B909248}.Debug|x64.ActiveCfg = Debug|Any CPU
		{303B4EF0-9882-49B1-A6FD-3DEF5B909248}.Debug|x64.Build.0 = Debug|Any CPU
		{303B4EF0-9882-49B1-A6FD-3DEF5B909248}.Debug|x86.ActiveCfg = Debug|Any CPU
		{303B4EF0-9882-49B1-A6FD-3DEF5B909248}.Debug|x86.Build.0 = Debug|Any CPU
		{303B4EF0-9882-49B1-A6FD-3DEF5B909248}.Release|Any CPU.ActiveCfg = Release|Any CPU
		{303B4EF0-9882-49B1-A6FD-3DEF5B909248}.Release|Any CPU.Build.0 = Release|Any CPU
		{303B4EF0-9882-49B1-A6FD-3DEF5B909248}.Release|ARM.ActiveCfg = Release|Any CPU
		{303B4EF0-9882-49B1-A6FD-3DEF5B909248}.Release|ARM.Build.0 = Release|Any CPU
		{303B4EF0-9882-49B1-A6FD-3DEF5B909248}.Release|iPhone.ActiveCfg = Release|Any CPU
		{303B4EF0-9882-49B1-A6FD-3DEF5B909248}.Release|iPhone.Build.0 = Release|Any CPU
		{303B4EF0-9882-49B1-A6FD-3DEF5B909248}.Release|iPhoneSimulator.ActiveCfg = Release|Any CPU
		{303B4EF0-9882-49B1-A6FD-3DEF5B909248}.Release|iPhoneSimulator.Build.0 = Release|Any CPU
		{303B4EF0-9882-49B1-A6FD-3DEF5B909248}.Release|x64.ActiveCfg = Release|Any CPU
		{303B4EF0-9882-49B1-A6FD-3DEF5B909248}.Release|x64.Build.0 = Release|Any CPU
		{303B4EF0-9882-49B1-A6FD-3DEF5B909248}.Release|x86.ActiveCfg = Release|Any CPU
		{303B4EF0-9882-49B1-A6FD-3DEF5B909248}.Release|x86.Build.0 = Release|Any CPU
		{E1C0F3FA-340D-4E06-A683-BD3B94B6980A}.Debug|Any CPU.ActiveCfg = Debug|iPhoneSimulator
		{E1C0F3FA-340D-4E06-A683-BD3B94B6980A}.Debug|Any CPU.Build.0 = Debug|iPhoneSimulator
		{E1C0F3FA-340D-4E06-A683-BD3B94B6980A}.Debug|ARM.ActiveCfg = Debug|iPhone
		{E1C0F3FA-340D-4E06-A683-BD3B94B6980A}.Debug|iPhone.ActiveCfg = Debug|iPhone
		{E1C0F3FA-340D-4E06-A683-BD3B94B6980A}.Debug|iPhone.Build.0 = Debug|iPhone
		{E1C0F3FA-340D-4E06-A683-BD3B94B6980A}.Debug|iPhoneSimulator.ActiveCfg = Debug|iPhoneSimulator
		{E1C0F3FA-340D-4E06-A683-BD3B94B6980A}.Debug|iPhoneSimulator.Build.0 = Debug|iPhoneSimulator
		{E1C0F3FA-340D-4E06-A683-BD3B94B6980A}.Debug|x64.ActiveCfg = Debug|iPhone
		{E1C0F3FA-340D-4E06-A683-BD3B94B6980A}.Debug|x86.ActiveCfg = Debug|iPhone
		{E1C0F3FA-340D-4E06-A683-BD3B94B6980A}.Release|Any CPU.ActiveCfg = Release|iPhone
		{E1C0F3FA-340D-4E06-A683-BD3B94B6980A}.Release|Any CPU.Build.0 = Release|iPhone
		{E1C0F3FA-340D-4E06-A683-BD3B94B6980A}.Release|ARM.ActiveCfg = Release|iPhoneSimulator
		{E1C0F3FA-340D-4E06-A683-BD3B94B6980A}.Release|iPhone.ActiveCfg = Release|iPhone
		{E1C0F3FA-340D-4E06-A683-BD3B94B6980A}.Release|iPhone.Build.0 = Release|iPhone
		{E1C0F3FA-340D-4E06-A683-BD3B94B6980A}.Release|iPhoneSimulator.ActiveCfg = Release|iPhoneSimulator
		{E1C0F3FA-340D-4E06-A683-BD3B94B6980A}.Release|iPhoneSimulator.Build.0 = Release|iPhoneSimulator
		{E1C0F3FA-340D-4E06-A683-BD3B94B6980A}.Release|x64.ActiveCfg = Release|iPhoneSimulator
		{E1C0F3FA-340D-4E06-A683-BD3B94B6980A}.Release|x86.ActiveCfg = Release|iPhoneSimulator
		{69C12B1D-0DBF-4FAC-B143-6CB69A6D3C81}.Debug|Any CPU.ActiveCfg = Debug|Any CPU
		{69C12B1D-0DBF-4FAC-B143-6CB69A6D3C81}.Debug|Any CPU.Build.0 = Debug|Any CPU
		{69C12B1D-0DBF-4FAC-B143-6CB69A6D3C81}.Debug|ARM.ActiveCfg = Debug|Any CPU
		{69C12B1D-0DBF-4FAC-B143-6CB69A6D3C81}.Debug|ARM.Build.0 = Debug|Any CPU
		{69C12B1D-0DBF-4FAC-B143-6CB69A6D3C81}.Debug|ARM.Deploy.0 = Debug|Any CPU
		{69C12B1D-0DBF-4FAC-B143-6CB69A6D3C81}.Debug|iPhone.ActiveCfg = Debug|Any CPU
		{69C12B1D-0DBF-4FAC-B143-6CB69A6D3C81}.Debug|iPhone.Build.0 = Debug|Any CPU
		{69C12B1D-0DBF-4FAC-B143-6CB69A6D3C81}.Debug|iPhoneSimulator.ActiveCfg = Debug|Any CPU
		{69C12B1D-0DBF-4FAC-B143-6CB69A6D3C81}.Debug|iPhoneSimulator.Build.0 = Debug|Any CPU
		{69C12B1D-0DBF-4FAC-B143-6CB69A6D3C81}.Debug|x64.ActiveCfg = Debug|Any CPU
		{69C12B1D-0DBF-4FAC-B143-6CB69A6D3C81}.Debug|x64.Build.0 = Debug|Any CPU
		{69C12B1D-0DBF-4FAC-B143-6CB69A6D3C81}.Debug|x64.Deploy.0 = Debug|Any CPU
		{69C12B1D-0DBF-4FAC-B143-6CB69A6D3C81}.Debug|x86.ActiveCfg = Debug|Any CPU
		{69C12B1D-0DBF-4FAC-B143-6CB69A6D3C81}.Debug|x86.Build.0 = Debug|Any CPU
		{69C12B1D-0DBF-4FAC-B143-6CB69A6D3C81}.Debug|x86.Deploy.0 = Debug|Any CPU
		{69C12B1D-0DBF-4FAC-B143-6CB69A6D3C81}.Release|Any CPU.ActiveCfg = Release|Any CPU
		{69C12B1D-0DBF-4FAC-B143-6CB69A6D3C81}.Release|Any CPU.Build.0 = Release|Any CPU
		{69C12B1D-0DBF-4FAC-B143-6CB69A6D3C81}.Release|ARM.ActiveCfg = Release|Any CPU
		{69C12B1D-0DBF-4FAC-B143-6CB69A6D3C81}.Release|ARM.Build.0 = Release|Any CPU
		{69C12B1D-0DBF-4FAC-B143-6CB69A6D3C81}.Release|ARM.Deploy.0 = Release|Any CPU
		{69C12B1D-0DBF-4FAC-B143-6CB69A6D3C81}.Release|iPhone.ActiveCfg = Release|Any CPU
		{69C12B1D-0DBF-4FAC-B143-6CB69A6D3C81}.Release|iPhone.Build.0 = Release|Any CPU
		{69C12B1D-0DBF-4FAC-B143-6CB69A6D3C81}.Release|iPhoneSimulator.ActiveCfg = Release|Any CPU
		{69C12B1D-0DBF-4FAC-B143-6CB69A6D3C81}.Release|iPhoneSimulator.Build.0 = Release|Any CPU
		{69C12B1D-0DBF-4FAC-B143-6CB69A6D3C81}.Release|x64.ActiveCfg = Release|Any CPU
		{69C12B1D-0DBF-4FAC-B143-6CB69A6D3C81}.Release|x64.Build.0 = Release|Any CPU
		{69C12B1D-0DBF-4FAC-B143-6CB69A6D3C81}.Release|x64.Deploy.0 = Release|Any CPU
		{69C12B1D-0DBF-4FAC-B143-6CB69A6D3C81}.Release|x86.ActiveCfg = Release|Any CPU
		{69C12B1D-0DBF-4FAC-B143-6CB69A6D3C81}.Release|x86.Build.0 = Release|Any CPU
		{69C12B1D-0DBF-4FAC-B143-6CB69A6D3C81}.Release|x86.Deploy.0 = Release|Any CPU
		{985A3151-6742-44B6-A6B3-FAF4F074A6AC}.Debug|Any CPU.ActiveCfg = Debug|x86
		{985A3151-6742-44B6-A6B3-FAF4F074A6AC}.Debug|ARM.ActiveCfg = Debug|ARM
		{985A3151-6742-44B6-A6B3-FAF4F074A6AC}.Debug|ARM.Build.0 = Debug|ARM
		{985A3151-6742-44B6-A6B3-FAF4F074A6AC}.Debug|ARM.Deploy.0 = Debug|ARM
		{985A3151-6742-44B6-A6B3-FAF4F074A6AC}.Debug|iPhone.ActiveCfg = Debug|x86
		{985A3151-6742-44B6-A6B3-FAF4F074A6AC}.Debug|iPhoneSimulator.ActiveCfg = Debug|x86
		{985A3151-6742-44B6-A6B3-FAF4F074A6AC}.Debug|x64.ActiveCfg = Debug|x64
		{985A3151-6742-44B6-A6B3-FAF4F074A6AC}.Debug|x64.Build.0 = Debug|x64
		{985A3151-6742-44B6-A6B3-FAF4F074A6AC}.Debug|x64.Deploy.0 = Debug|x64
		{985A3151-6742-44B6-A6B3-FAF4F074A6AC}.Debug|x86.ActiveCfg = Debug|x86
		{985A3151-6742-44B6-A6B3-FAF4F074A6AC}.Debug|x86.Build.0 = Debug|x86
		{985A3151-6742-44B6-A6B3-FAF4F074A6AC}.Debug|x86.Deploy.0 = Debug|x86
		{985A3151-6742-44B6-A6B3-FAF4F074A6AC}.Release|Any CPU.ActiveCfg = Release|x86
		{985A3151-6742-44B6-A6B3-FAF4F074A6AC}.Release|ARM.ActiveCfg = Release|ARM
		{985A3151-6742-44B6-A6B3-FAF4F074A6AC}.Release|ARM.Build.0 = Release|ARM
		{985A3151-6742-44B6-A6B3-FAF4F074A6AC}.Release|ARM.Deploy.0 = Release|ARM
		{985A3151-6742-44B6-A6B3-FAF4F074A6AC}.Release|iPhone.ActiveCfg = Release|x86
		{985A3151-6742-44B6-A6B3-FAF4F074A6AC}.Release|iPhoneSimulator.ActiveCfg = Release|x86
		{985A3151-6742-44B6-A6B3-FAF4F074A6AC}.Release|x64.ActiveCfg = Release|x64
		{985A3151-6742-44B6-A6B3-FAF4F074A6AC}.Release|x64.Build.0 = Release|x64
		{985A3151-6742-44B6-A6B3-FAF4F074A6AC}.Release|x64.Deploy.0 = Release|x64
		{985A3151-6742-44B6-A6B3-FAF4F074A6AC}.Release|x86.ActiveCfg = Release|x86
		{985A3151-6742-44B6-A6B3-FAF4F074A6AC}.Release|x86.Build.0 = Release|x86
		{985A3151-6742-44B6-A6B3-FAF4F074A6AC}.Release|x86.Deploy.0 = Release|x86
	EndGlobalSection
	GlobalSection(SolutionProperties) = preSolution
		HideSolutionNode = FALSE
	EndGlobalSection
	GlobalSection(ExtensibilityGlobals) = postSolution
		SolutionGuid = {BD3A0419-44D2-4077-B7BA-203A1D78BDE9}
	EndGlobalSection
EndGlobal
