
Microsoft Visual Studio Solution File, Format Version 12.00
# Visual Studio Version 16
VisualStudioVersion = 16.0.808.0
MinimumVisualStudioVersion = 10.0.40219.1
Project("{FAE04EC0-301F-11D3-BF4B-00C04F79EFBC}") = "LottieSample.Android", "LottieSample.Android\LottieSample.Android.csproj", "{88A711AC-507E-4A71-89A9-DB901DF2DACF}"
EndProject
Project("{FAE04EC0-301F-11D3-BF4B-00C04F79EFBC}") = "LottieSample.iOS", "LottieSample.iOS\LottieSample.iOS.csproj", "{CB90FECB-5037-4CFF-98BD-85F987793E3A}"
EndProject
Project("{FAE04EC0-301F-11D3-BF4B-00C04F79EFBC}") = "LottieSample", "LottieSample\LottieSample.csproj", "{22148C8F-63CB-4C90-A63D-255E62E5E821}"
EndProject
Global
	GlobalSection(SolutionConfigurationPlatforms) = preSolution
		Debug|Any CPU = Debug|Any CPU
		Release|Any CPU = Release|Any CPU
		Debug|iPhoneSimulator = Debug|iPhoneSimulator
		Release|iPhoneSimulator = Release|iPhoneSimulator
		Debug|iPhone = Debug|iPhone
		Release|iPhone = Release|iPhone
	EndGlobalSection
	GlobalSection(ProjectConfigurationPlatforms) = postSolution
		{88A711AC-507E-4A71-89A9-DB901DF2DACF}.Debug|Any CPU.ActiveCfg = Debug|Any CPU
		{88A711AC-507E-4A71-89A9-DB901DF2DACF}.Debug|Any CPU.Build.0 = Debug|Any CPU
		{88A711AC-507E-4A71-89A9-DB901DF2DACF}.Release|Any CPU.ActiveCfg = Release|Any CPU
		{88A711AC-507E-4A71-89A9-DB901DF2DACF}.Release|Any CPU.Build.0 = Release|Any CPU
		{88A711AC-507E-4A71-89A9-DB901DF2DACF}.Debug|iPhoneSimulator.ActiveCfg = Debug|Any CPU
		{88A711AC-507E-4A71-89A9-DB901DF2DACF}.Debug|iPhoneSimulator.Build.0 = Debug|Any CPU
		{88A711AC-507E-4A71-89A9-DB901DF2DACF}.Release|iPhoneSimulator.ActiveCfg = Release|Any CPU
		{88A711AC-507E-4A71-89A9-DB901DF2DACF}.Release|iPhoneSimulator.Build.0 = Release|Any CPU
		{88A711AC-507E-4A71-89A9-DB901DF2DACF}.Debug|iPhone.ActiveCfg = Debug|Any CPU
		{88A711AC-507E-4A71-89A9-DB901DF2DACF}.Debug|iPhone.Build.0 = Debug|Any CPU
		{88A711AC-507E-4A71-89A9-DB901DF2DACF}.Release|iPhone.ActiveCfg = Release|Any CPU
		{88A711AC-507E-4A71-89A9-DB901DF2DACF}.Release|iPhone.Build.0 = Release|Any CPU
		{CB90FECB-5037-4CFF-98BD-85F987793E3A}.Debug|Any CPU.ActiveCfg = Debug|iPhoneSimulator
		{CB90FECB-5037-4CFF-98BD-85F987793E3A}.Debug|Any CPU.Build.0 = Debug|iPhoneSimulator
		{CB90FECB-5037-4CFF-98BD-85F987793E3A}.Release|Any CPU.ActiveCfg = Release|iPhoneSimulator
		{CB90FECB-5037-4CFF-98BD-85F987793E3A}.Release|Any CPU.Build.0 = Release|iPhoneSimulator
		{CB90FECB-5037-4CFF-98BD-85F987793E3A}.Debug|iPhoneSimulator.ActiveCfg = Debug|iPhoneSimulator
		{CB90FECB-5037-4CFF-98BD-85F987793E3A}.Debug|iPhoneSimulator.Build.0 = Debug|iPhoneSimulator
		{CB90FECB-5037-4CFF-98BD-85F987793E3A}.Release|iPhoneSimulator.ActiveCfg = Release|iPhoneSimulator
		{CB90FECB-5037-4CFF-98BD-85F987793E3A}.Release|iPhoneSimulator.Build.0 = Release|iPhoneSimulator
		{CB90FECB-5037-4CFF-98BD-85F987793E3A}.Debug|iPhone.ActiveCfg = Debug|iPhone
		{CB90FECB-5037-4CFF-98BD-85F987793E3A}.Debug|iPhone.Build.0 = Debug|iPhone
		{CB90FECB-5037-4CFF-98BD-85F987793E3A}.Release|iPhone.ActiveCfg = Release|iPhone
		{CB90FECB-5037-4CFF-98BD-85F987793E3A}.Release|iPhone.Build.0 = Release|iPhone
		{22148C8F-63CB-4C90-A63D-255E62E5E821}.Debug|Any CPU.ActiveCfg = Debug|Any CPU
		{22148C8F-63CB-4C90-A63D-255E62E5E821}.Debug|Any CPU.Build.0 = Debug|Any CPU
		{22148C8F-63CB-4C90-A63D-255E62E5E821}.Release|Any CPU.ActiveCfg = Release|Any CPU
		{22148C8F-63CB-4C90-A63D-255E62E5E821}.Release|Any CPU.Build.0 = Release|Any CPU
		{22148C8F-63CB-4C90-A63D-255E62E5E821}.Debug|iPhoneSimulator.ActiveCfg = Debug|Any CPU
		{22148C8F-63CB-4C90-A63D-255E62E5E821}.Debug|iPhoneSimulator.Build.0 = Debug|Any CPU
		{22148C8F-63CB-4C90-A63D-255E62E5E821}.Release|iPhoneSimulator.ActiveCfg = Release|Any CPU
		{22148C8F-63CB-4C90-A63D-255E62E5E821}.Release|iPhoneSimulator.Build.0 = Release|Any CPU
		{22148C8F-63CB-4C90-A63D-255E62E5E821}.Debug|iPhone.ActiveCfg = Debug|Any CPU
		{22148C8F-63CB-4C90-A63D-255E62E5E821}.Debug|iPhone.Build.0 = Debug|Any CPU
		{22148C8F-63CB-4C90-A63D-255E62E5E821}.Release|iPhone.ActiveCfg = Release|Any CPU
		{22148C8F-63CB-4C90-A63D-255E62E5E821}.Release|iPhone.Build.0 = Release|Any CPU
	EndGlobalSection
	GlobalSection(SolutionProperties) = preSolution
		HideSolutionNode = FALSE
	EndGlobalSection
	GlobalSection(ExtensibilityGlobals) = postSolution
		SolutionGuid = {A49CD6D7-1DB3-417E-906A-EE5A5F7DC6FD}
	EndGlobalSection
EndGlobal
