
Microsoft Visual Studio Solution File, Format Version 12.00
# Visual Studio 2012
Project("{FAE04EC0-301F-11D3-BF4B-00C04F79EFBC}") = "LottieSample", "LottieSample\LottieSample.csproj", "{303B4EF0-9882-49B1-A6FD-3DEF5B909248}"
EndProject
Project("{FAE04EC0-301F-11D3-BF4B-00C04F79EFBC}") = "LottieSample.iOS", "iOS\LottieSample.iOS.csproj", "{E1C0F3FA-340D-4E06-A683-BD3B94B6980A}"
EndProject
Project("{FAE04EC0-301F-11D3-BF4B-00C04F79EFBC}") = "LottieSample.Droid", "Droid\LottieSample.Droid.csproj", "{69C12B1D-0DBF-4FAC-B143-6CB69A6D3C81}"
EndProject
Global
	GlobalSection(SolutionConfigurationPlatforms) = preSolution
		Debug|Any CPU = Debug|Any CPU
		Release|Any CPU = Release|Any CPU
		Debug|iPhoneSimulator = Debug|iPhoneSimulator
		Release|iPhone = Release|iPhone
		Release|iPhoneSimulator = Release|iPhoneSimulator
		Debug|iPhone = Debug|iPhone
	EndGlobalSection
	GlobalSection(ProjectConfigurationPlatforms) = postSolution
		{303B4EF0-9882-49B1-A6FD-3DEF5B909248}.Debug|Any CPU.ActiveCfg = Debug|Any CPU
		{303B4EF0-9882-49B1-A6FD-3DEF5B909248}.Debug|Any CPU.Build.0 = Debug|Any CPU
		{303B4EF0-9882-49B1-A6FD-3DEF5B909248}.Release|Any CPU.ActiveCfg = Release|Any CPU
		{303B4EF0-9882-49B1-A6FD-3DEF5B909248}.Release|Any CPU.Build.0 = Release|Any CPU
		{303B4EF0-9882-49B1-A6FD-3DEF5B909248}.Debug|iPhoneSimulator.ActiveCfg = Debug|Any CPU
		{303B4EF0-9882-49B1-A6FD-3DEF5B909248}.Debug|iPhoneSimulator.Build.0 = Debug|Any CPU
		{303B4EF0-9882-49B1-A6FD-3DEF5B909248}.Release|iPhone.ActiveCfg = Release|Any CPU
		{303B4EF0-9882-49B1-A6FD-3DEF5B909248}.Release|iPhone.Build.0 = Release|Any CPU
		{303B4EF0-9882-49B1-A6FD-3DEF5B909248}.Release|iPhoneSimulator.ActiveCfg = Release|Any CPU
		{303B4EF0-9882-49B1-A6FD-3DEF5B909248}.Release|iPhoneSimulator.Build.0 = Release|Any CPU
		{303B4EF0-9882-49B1-A6FD-3DEF5B909248}.Debug|iPhone.ActiveCfg = Debug|Any CPU
		{303B4EF0-9882-49B1-A6FD-3DEF5B909248}.Debug|iPhone.Build.0 = Debug|Any CPU
		{E1C0F3FA-340D-4E06-A683-BD3B94B6980A}.Debug|Any CPU.ActiveCfg = Debug|iPhoneSimulator
		{E1C0F3FA-340D-4E06-A683-BD3B94B6980A}.Debug|Any CPU.Build.0 = Debug|iPhoneSimulator
		{E1C0F3FA-340D-4E06-A683-BD3B94B6980A}.Release|Any CPU.ActiveCfg = Release|iPhone
		{E1C0F3FA-340D-4E06-A683-BD3B94B6980A}.Release|Any CPU.Build.0 = Release|iPhone
		{E1C0F3FA-340D-4E06-A683-BD3B94B6980A}.Debug|iPhoneSimulator.ActiveCfg = Debug|iPhoneSimulator
		{E1C0F3FA-340D-4E06-A683-BD3B94B6980A}.Debug|iPhoneSimulator.Build.0 = Debug|iPhoneSimulator
		{E1C0F3FA-340D-4E06-A683-BD3B94B6980A}.Release|iPhone.ActiveCfg = Release|iPhone
		{E1C0F3FA-340D-4E06-A683-BD3B94B6980A}.Release|iPhone.Build.0 = Release|iPhone
		{E1C0F3FA-340D-4E06-A683-BD3B94B6980A}.Release|iPhoneSimulator.ActiveCfg = Release|iPhoneSimulator
		{E1C0F3FA-340D-4E06-A683-BD3B94B6980A}.Release|iPhoneSimulator.Build.0 = Release|iPhoneSimulator
		{E1C0F3FA-340D-4E06-A683-BD3B94B6980A}.Debug|iPhone.ActiveCfg = Debug|iPhone
		{E1C0F3FA-340D-4E06-A683-BD3B94B6980A}.Debug|iPhone.Build.0 = Debug|iPhone
		{69C12B1D-0DBF-4FAC-B143-6CB69A6D3C81}.Debug|Any CPU.ActiveCfg = Debug|Any CPU
		{69C12B1D-0DBF-4FAC-B143-6CB69A6D3C81}.Debug|Any CPU.Build.0 = Debug|Any CPU
		{69C12B1D-0DBF-4FAC-B143-6CB69A6D3C81}.Release|Any CPU.ActiveCfg = Release|Any CPU
		{69C12B1D-0DBF-4FAC-B143-6CB69A6D3C81}.Release|Any CPU.Build.0 = Release|Any CPU
		{69C12B1D-0DBF-4FAC-B143-6CB69A6D3C81}.Debug|iPhoneSimulator.ActiveCfg = Debug|Any CPU
		{69C12B1D-0DBF-4FAC-B143-6CB69A6D3C81}.Debug|iPhoneSimulator.Build.0 = Debug|Any CPU
		{69C12B1D-0DBF-4FAC-B143-6CB69A6D3C81}.Release|iPhone.ActiveCfg = Release|Any CPU
		{69C12B1D-0DBF-4FAC-B143-6CB69A6D3C81}.Release|iPhone.Build.0 = Release|Any CPU
		{69C12B1D-0DBF-4FAC-B143-6CB69A6D3C81}.Release|iPhoneSimulator.ActiveCfg = Release|Any CPU
		{69C12B1D-0DBF-4FAC-B143-6CB69A6D3C81}.Release|iPhoneSimulator.Build.0 = Release|Any CPU
		{69C12B1D-0DBF-4FAC-B143-6CB69A6D3C81}.Debug|iPhone.ActiveCfg = Debug|Any CPU
		{69C12B1D-0DBF-4FAC-B143-6CB69A6D3C81}.Debug|iPhone.Build.0 = Debug|Any CPU
	EndGlobalSection
EndGlobal
